
Microsoft Visual Studio Solution File, Format Version 12.00
# Visual Studio Version 16
VisualStudioVersion = 16.0.31105.61
MinimumVisualStudioVersion = 10.0.40219.1
Project("{9A19103F-16F7-4668-BE54-9A1E7A4F7556}") = "Clase1.Ejercicio1.Shape", "ShapeCalculation\Clase1.Ejercicio1.Shape.csproj", "{6AEF9335-6E4E-4D0A-8927-358FBE360B33}"
EndProject
Project("{9A19103F-16F7-4668-BE54-9A1E7A4F7556}") = "Clase.Ejercicio1.Shape.Test", "ShapeCalculationTest\Clase.Ejercicio1.Shape.Test.csproj", "{4F9C4186-0F8E-4472-B5C8-F0E5B996029C}"
EndProject
Project("{9A19103F-16F7-4668-BE54-9A1E7A4F7556}") = "Clase1.Ejercicio2.Vial", "Clase1.Ejercicio2.Vial\Clase1.Ejercicio2.Vial.csproj", "{D9163B94-4C70-4178-B328-6F945B8D6A17}"
EndProject
Global
	GlobalSection(SolutionConfigurationPlatforms) = preSolution
		Debug|Any CPU = Debug|Any CPU
		Release|Any CPU = Release|Any CPU
	EndGlobalSection
	GlobalSection(ProjectConfigurationPlatforms) = postSolution
		{6AEF9335-6E4E-4D0A-8927-358FBE360B33}.Debug|Any CPU.ActiveCfg = Debug|Any CPU
		{6AEF9335-6E4E-4D0A-8927-358FBE360B33}.Debug|Any CPU.Build.0 = Debug|Any CPU
		{6AEF9335-6E4E-4D0A-8927-358FBE360B33}.Release|Any CPU.ActiveCfg = Release|Any CPU
		{6AEF9335-6E4E-4D0A-8927-358FBE360B33}.Release|Any CPU.Build.0 = Release|Any CPU
		{4F9C4186-0F8E-4472-B5C8-F0E5B996029C}.Debug|Any CPU.ActiveCfg = Debug|Any CPU
		{4F9C4186-0F8E-4472-B5C8-F0E5B996029C}.Debug|Any CPU.Build.0 = Debug|Any CPU
		{4F9C4186-0F8E-4472-B5C8-F0E5B996029C}.Release|Any CPU.ActiveCfg = Release|Any CPU
		{4F9C4186-0F8E-4472-B5C8-F0E5B996029C}.Release|Any CPU.Build.0 = Release|Any CPU
		{D9163B94-4C70-4178-B328-6F945B8D6A17}.Debug|Any CPU.ActiveCfg = Debug|Any CPU
		{D9163B94-4C70-4178-B328-6F945B8D6A17}.Debug|Any CPU.Build.0 = Debug|Any CPU
		{D9163B94-4C70-4178-B328-6F945B8D6A17}.Release|Any CPU.ActiveCfg = Release|Any CPU
		{D9163B94-4C70-4178-B328-6F945B8D6A17}.Release|Any CPU.Build.0 = Release|Any CPU
	EndGlobalSection
	GlobalSection(SolutionProperties) = preSolution
		HideSolutionNode = FALSE
	EndGlobalSection
	GlobalSection(ExtensibilityGlobals) = postSolution
		SolutionGuid = {6263203B-E487-474B-8AE2-59D561C2076D}
	EndGlobalSection
EndGlobal
