
Microsoft Visual Studio Solution File, Format Version 12.00
# Visual Studio Version 16
VisualStudioVersion = 16.0.31105.61
MinimumVisualStudioVersion = 10.0.40219.1
Project("{FAE04EC0-301F-11D3-BF4B-00C04F79EFBC}") = "ShapeCalculation", "ShapeCalculation\ShapeCalculation.csproj", "{6AEF9335-6E4E-4D0A-8927-358FBE360B33}"
EndProject
Global
	GlobalSection(SolutionConfigurationPlatforms) = preSolution
		Debug|Any CPU = Debug|Any CPU
		Release|Any CPU = Release|Any CPU
	EndGlobalSection
	GlobalSection(ProjectConfigurationPlatforms) = postSolution
		{6AEF9335-6E4E-4D0A-8927-358FBE360B33}.Debug|Any CPU.ActiveCfg = Debug|Any CPU
		{6AEF9335-6E4E-4D0A-8927-358FBE360B33}.Debug|Any CPU.Build.0 = Debug|Any CPU
		{6AEF9335-6E4E-4D0A-8927-358FBE360B33}.Release|Any CPU.ActiveCfg = Release|Any CPU
		{6AEF9335-6E4E-4D0A-8927-358FBE360B33}.Release|Any CPU.Build.0 = Release|Any CPU
	EndGlobalSection
	GlobalSection(SolutionProperties) = preSolution
		HideSolutionNode = FALSE
	EndGlobalSection
	GlobalSection(ExtensibilityGlobals) = postSolution
		SolutionGuid = {6263203B-E487-474B-8AE2-59D561C2076D}
	EndGlobalSection
EndGlobal
